
Microsoft Visual Studio Solution File, Format Version 12.00
# Visual Studio Version 17
VisualStudioVersion = 17.14.37012.4 d17.14
MinimumVisualStudioVersion = 10.0.40219.1
Project("{8BC9CEB8-8B4A-11D0-8D11-00A0C91BC942}") = "L20260224_CPP", "L20260224_CPP.vcxproj", "{DB73CFA0-46F3-4FC0-AC52-6196A1448C98}"
EndProject
Global
	GlobalSection(SolutionConfigurationPlatforms) = preSolution
		Debug|x64 = Debug|x64
		Debug|x86 = Debug|x86
		Release|x64 = Release|x64
		Release|x86 = Release|x86
	EndGlobalSection
	GlobalSection(ProjectConfigurationPlatforms) = postSolution
		{DB73CFA0-46F3-4FC0-AC52-6196A1448C98}.Debug|x64.ActiveCfg = Debug|x64
		{DB73CFA0-46F3-4FC0-AC52-6196A1448C98}.Debug|x64.Build.0 = Debug|x64
		{DB73CFA0-46F3-4FC0-AC52-6196A1448C98}.Debug|x86.ActiveCfg = Debug|Win32
		{DB73CFA0-46F3-4FC0-AC52-6196A1448C98}.Debug|x86.Build.0 = Debug|Win32
		{DB73CFA0-46F3-4FC0-AC52-6196A1448C98}.Release|x64.ActiveCfg = Release|x64
		{DB73CFA0-46F3-4FC0-AC52-6196A1448C98}.Release|x64.Build.0 = Release|x64
		{DB73CFA0-46F3-4FC0-AC52-6196A1448C98}.Release|x86.ActiveCfg = Release|Win32
		{DB73CFA0-46F3-4FC0-AC52-6196A1448C98}.Release|x86.Build.0 = Release|Win32
	EndGlobalSection
	GlobalSection(SolutionProperties) = preSolution
		HideSolutionNode = FALSE
	EndGlobalSection
	GlobalSection(ExtensibilityGlobals) = postSolution
		SolutionGuid = {9F8CA17F-65B0-4F81-A7EF-A381E4431240}
	EndGlobalSection
EndGlobal
